
Microsoft Visual Studio Solution File, Format Version 12.00
# Visual Studio Version 17
VisualStudioVersion = 17.1.32421.90
MinimumVisualStudioVersion = 10.0.40219.1
Project("{FAE04EC0-301F-11D3-BF4B-00C04F79EFBC}") = "LocalNetworkCrawler", "LocalNetworkCrawler\LocalNetworkCrawler.csproj", "{043CF60F-1524-4A3A-B273-68BD4032C161}"
EndProject
Global
	GlobalSection(SolutionConfigurationPlatforms) = preSolution
		Debug|Any CPU = Debug|Any CPU
		Release|Any CPU = Release|Any CPU
	EndGlobalSection
	GlobalSection(ProjectConfigurationPlatforms) = postSolution
		{043CF60F-1524-4A3A-B273-68BD4032C161}.Debug|Any CPU.ActiveCfg = Debug|Any CPU
		{043CF60F-1524-4A3A-B273-68BD4032C161}.Debug|Any CPU.Build.0 = Debug|Any CPU
		{043CF60F-1524-4A3A-B273-68BD4032C161}.Release|Any CPU.ActiveCfg = Release|Any CPU
		{043CF60F-1524-4A3A-B273-68BD4032C161}.Release|Any CPU.Build.0 = Release|Any CPU
	EndGlobalSection
	GlobalSection(SolutionProperties) = preSolution
		HideSolutionNode = FALSE
	EndGlobalSection
	GlobalSection(ExtensibilityGlobals) = postSolution
		SolutionGuid = {A04A18C7-D48D-465C-9EFA-0EF5FB8C5841}
	EndGlobalSection
EndGlobal
